[[package]]
name = "bleak"
version = "0.13.0"
description = "Bluetooth Low Energy platform Agnostic Klient"
category = "main"
optional = false
python-versions = "*"

[package.dependencies]
bleak-winrt = {version = ">=1.0.1", markers = "platform_system == \"Windows\""}
dbus-next = {version = "*", markers = "platform_system == \"Linux\""}
pyobjc-core = {version = "*", markers = "platform_system == \"Darwin\""}
pyobjc-framework-CoreBluetooth = {version = "*", markers = "platform_system == \"Darwin\""}
pyobjc-framework-libdispatch = {version = "*", markers = "platform_system == \"Darwin\""}

[[package]]
name = "bleak-winrt"
version = "1.0.1"
description = "Python WinRT bindings for Bleak"
category = "main"
optional = false
python-versions = "*"

[[package]]
name = "dbus-next"
version = "0.2.3"
description = "A zero-dependency DBus library for Python with asyncio support"
category = "main"
optional = false
python-versions = ">=3.6.0"

[[package]]
name = "pyobjc-core"
version = "7.3"
description = "Python<->ObjC Interoperability Module"
category = "main"
optional = false
python-versions = ">=3.6"

[[package]]
name = "pyobjc-framework-cocoa"
version = "7.3"
description = "Wrappers for the Cocoa frameworks on macOS"
category = "main"
optional = false
python-versions = ">=3.6"

[package.dependencies]
pyobjc-core = ">=7.3"

[[package]]
name = "pyobjc-framework-corebluetooth"
version = "7.3"
description = "Wrappers for the framework CoreBluetooth on macOS"
category = "main"
optional = false
python-versions = ">=3.6"

[package.dependencies]
pyobjc-core = ">=7.3"
pyobjc-framework-Cocoa = ">=7.3"

[[package]]
name = "pyobjc-framework-libdispatch"
version = "7.3"
description = "Wrappers for libdispatch on macOS"
category = "main"
optional = false
python-versions = ">=3.6"

[package.dependencies]
pyobjc-core = ">=7.3"

[[package]]
name = "syncer"
version = "1.3.0"
description = "Async to sync converter"
category = "main"
optional = false
python-versions = "*"

[metadata]
lock-version = "1.1"
python-versions = "^3.6"
content-hash = "30d18d848c9c4ad7078ca75aa74ef744e24176a1de01d4f1ef1e682aca556e80"

[metadata.files]
bleak = [
    {file = "bleak-0.13.0-py2.py3-none-any.whl", hash = "sha256:33e92739a8a117628fa1533bf973fd55ade2051c3a12ba3bbfee6ca9eca46959"},
    {file = "bleak-0.13.0.tar.gz", hash = "sha256:eb0716852cad7e96613934680b6aff4f48d68671d6ab967155497387cd98dcee"},
]
bleak-winrt = [
    {file = "bleak-winrt-1.0.1.tar.gz", hash = "sha256:ffa15cf859eb4c90da946245386983d9036aa510299bdbd0a838cb104203d5b5"},
    {file = "bleak_winrt-1.0.1-cp310-cp310-win32.whl", hash = "sha256:47c08ba2ba5bbf50892e50f772c01220c0f61055c6b6c0368122e86d8b099a22"},
    {file = "bleak_winrt-1.0.1-cp310-cp310-win_amd64.whl", hash = "sha256:31aeb236ba59f779d18694be850e23131a02fc77919babf183a876a6cbe2ebc8"},
    {file = "bleak_winrt-1.0.1-cp37-cp37m-win32.whl", hash = "sha256:bef08a8cffc56e6e84c03ff24764e992212a26ce51cb255164fc800f6c6304d8"},
    {file = "bleak_winrt-1.0.1-cp37-cp37m-win_amd64.whl", hash = "sha256:d0f92bebbaa91cd23dc3daec29ccc93d34e540d1679cf31f6d63b43b9d0ec6a7"},
    {file = "bleak_winrt-1.0.1-cp38-cp38-win32.whl", hash = "sha256:d19a19a24c1d5f776e2951e21c961b1fba86f97608f9999586f1698da7dfddce"},
    {file = "bleak_winrt-1.0.1-cp38-cp38-win_amd64.whl", hash = "sha256:60cb003399f0bd9522356ae39b748c1781cfb93394a47393ae4579f4a6e1d5db"},
    {file = "bleak_winrt-1.0.1-cp39-cp39-win32.whl", hash = "sha256:6adcb5d3efd0790768bccf8dcf285d937f9fd86ad3b879869d92620af443d8b2"},
    {file = "bleak_winrt-1.0.1-cp39-cp39-win_amd64.whl", hash = "sha256:7de3d3ce87f420192fa97853e8eaf82ae6aacb1e76fd3d8008a45017cdb048f4"},
]
dbus-next = [
    {file = "dbus_next-0.2.3-py3-none-any.whl", hash = "sha256:58948f9aff9db08316734c0be2a120f6dc502124d9642f55e90ac82ffb16a18b"},
    {file = "dbus_next-0.2.3.tar.gz", hash = "sha256:f4eae26909332ada528c0a3549dda8d4f088f9b365153952a408e28023a626a5"},
]
pyobjc-core = [
    {file = "pyobjc-core-7.3.tar.gz", hash = "sha256:5081aedf8bb40aac1a8ad95adac9e44e148a882686ded614adf46bb67fd67574"},
    {file = "pyobjc_core-7.3-1-cp310-cp310-macosx_10_9_universal2.whl", hash = "sha256:a1f1e6b457127cbf2b5bd2b94520a7c89fb590b739911eadb2b0499a3a5b0e6f"},
    {file = "pyobjc_core-7.3-1-cp38-cp38-macosx_11_0_universal2.whl", hash = "sha256:ed708cc47bae8b711f81f252af09898a5f986c7a38cec5ad5623d571d328bff8"},
    {file = "pyobjc_core-7.3-cp310-cp310-macosx_10_9_universal2.whl", hash = "sha256:4e93ad769a20b908778fe950f62a843a6d8f0fa71996e5f3cc9fab5ae7d17771"},
    {file = "pyobjc_core-7.3-cp37-cp37m-macosx_10_9_x86_64.whl", hash = "sha256:9f63fd37bbf3785af4ddb2f86cad5ca81c62cfc7d1c0099637ca18343c3656c1"},
    {file = "pyobjc_core-7.3-cp38-cp38-macosx_10_9_x86_64.whl", hash = "sha256:e9b1311f72f2e170742a7ee3a8149f52c35158dc024a21e88d6f1e52ba5d718b"},
    {file = "pyobjc_core-7.3-cp39-cp39-macosx_10_9_universal2.whl", hash = "sha256:8d5e12a0729dfd1d998a861998b422d0a3e41923d75ea229bacf31372c831d7b"},
    {file = "pyobjc_core-7.3-cp39-cp39-macosx_10_9_x86_64.whl", hash = "sha256:efdee8c4884405e0c0186c57f87d7bfaa0abc1f50b18e865db3caea3a1f329b9"},
]
pyobjc-framework-cocoa = [
    {file = "pyobjc-framework-Cocoa-7.3.tar.gz", hash = "sha256:b18d05e7a795a3455ad191c3e43d6bfa673c2a4fd480bb1ccf57191051b80b7e"},
    {file = "pyobjc_framework_Cocoa-7.3-1-cp310-cp310-macosx_10_9_universal2.whl", hash = "sha256:1e31376806e5de883a1d7c7c87d9ff2a8b09fc05d267e0dfce6e42409fb70c67"},
    {file = "pyobjc_framework_Cocoa-7.3-1-cp38-cp38-macosx_11_0_universal2.whl", hash = "sha256:d999387927284346035cb63ebb51f86331abc41f9376f9a6970e7f18207db392"},
    {file = "pyobjc_framework_Cocoa-7.3-cp310-cp310-macosx_10_9_universal2.whl", hash = "sha256:9edffdfa6dd1f71f21b531c3e61fdd3e4d5d3bf6c5a528c98e88828cd60bac11"},
    {file = "pyobjc_framework_Cocoa-7.3-cp37-cp37m-macosx_10_9_x86_64.whl", hash = "sha256:35a6340437a4e0109a302150b7d1f6baf57004ccf74834f9e6062fcafe2fd8d7"},
    {file = "pyobjc_framework_Cocoa-7.3-cp38-cp38-macosx_10_9_x86_64.whl", hash = "sha256:7c3886f2608ab3ed02482f8b2ebf9f782b324c559e84b52cfd92dba8a1109872"},
    {file = "pyobjc_framework_Cocoa-7.3-cp39-cp39-macosx_10_9_universal2.whl", hash = "sha256:2e8e7a1a82cca21d9bfac9115baf065305f3da577bf240085964dfb9c9fff337"},
    {file = "pyobjc_framework_Cocoa-7.3-cp39-cp39-macosx_10_9_x86_64.whl", hash = "sha256:6c15f43077c9a2ba1853eb402ff7a9515df9e584315bc2fcb779d4c95ef46dc5"},
]
pyobjc-framework-corebluetooth = [
    {file = "pyobjc-framework-CoreBluetooth-7.3.tar.gz", hash = "sha256:86537978052481023cd378714c5e01a337794435aa1981db60c75517f7dc7fca"},
    {file = "pyobjc_framework_CoreBluetooth-7.3-cp36-abi3-macosx_10_9_universal2.whl", hash = "sha256:f197fd9c13815c1f41997b7eaadee704a54e9f0bd8a0a2ba75bf549d0889caca"},
    {file = "pyobjc_framework_CoreBluetooth-7.3-cp36-abi3-macosx_10_9_x86_64.whl", hash = "sha256:f9f4e9ce79d1933ca7c046348319ec332bf8e95383bc7af70f26accd9167b5c4"},
]
pyobjc-framework-libdispatch = [
    {file = "pyobjc-framework-libdispatch-7.3.tar.gz", hash = "sha256:c3e63ce294e50a36c17bc9e65ccf3e448995931fc10fc0c15f899d27c438e25f"},
    {file = "pyobjc_framework_libdispatch-7.3-1-cp310-cp310-macosx_10_9_universal2.whl", hash = "sha256:e945cda52619d53435fbbdccc63d195987bccfdc6abc59b12caf0c16852d6a45"},
    {file = "pyobjc_framework_libdispatch-7.3-1-cp38-cp38-macosx_11_0_universal2.whl", hash = "sha256:c03d0885d321c813ce0c3cfda17cb531cd71f005adbfd402275bc4f6ba8d6319"},
    {file = "pyobjc_framework_libdispatch-7.3-cp310-cp310-macosx_10_9_universal2.whl", hash = "sha256:2262ab83c6236d168c4e595ecdb1973c1f845dd0dc21840f4a8ce6f900d7e357"},
    {file = "pyobjc_framework_libdispatch-7.3-cp37-cp37m-macosx_10_9_x86_64.whl", hash = "sha256:57acf9136ad53794c2303dc0f055491270cf70b85f89cef79493c09b60f60f59"},
    {file = "pyobjc_framework_libdispatch-7.3-cp38-cp38-macosx_10_9_x86_64.whl", hash = "sha256:be032ce5d05ac23e82c18a6d25459b45ceac3f3073949a439584a99fc26582a5"},
    {file = "pyobjc_framework_libdispatch-7.3-cp39-cp39-macosx_10_9_universal2.whl", hash = "sha256:69137492b4564d739f9b4eb56f8823a32fab47d13e809ca401b0c66240be929c"},
    {file = "pyobjc_framework_libdispatch-7.3-cp39-cp39-macosx_10_9_x86_64.whl", hash = "sha256:7bc56539ac0761519d6f68149a012ed9b4250781156dbeeeeb8920146125222a"},
]
syncer = [
    {file = "syncer-1.3.0.tar.gz", hash = "sha256:6eb756f345388e08763f9695e7b5071b7657f0a7e809e486e3f9ca3fb4cd4d2c"},
]
